// !$*UTF8*$!
{
	archiveVersion = 1;
	classes = {
	};
	objectVersion = 77;
	objects = {

/* Begin PBXContainerItemProxy section */
		D367F0972E2C23B400F155A1 /* PBXContainerItemProxy */ = {
			isa = PBXContainerItemProxy;
			containerPortal = D367F0782E2C23B200F155A1 /* Project object */;
			proxyType = 1;
			remoteGlobalIDString = D367F07F2E2C23B200F155A1;
			remoteInfo = GuessTheFlag2;
		};
		D367F0A12E2C23B400F155A1 /* PBXContainerItemProxy */ = {
			isa = PBXContainerItemProxy;
			containerPortal = D367F0782E2C23B200F155A1 /* Project object */;
			proxyType = 1;
			remoteGlobalIDString = D367F07F2E2C23B200F155A1;
			remoteInfo = GuessTheFlag2;
		};
/* End PBXContainerItemProxy section */

/* Begin PBXFileReference section */
		D367F0802E2C23B200F155A1 /* GuessTheFlag2.app */ = {isa = PBXFileReference; explicitFileType = wrapper.application; includeInIndex = 0; path = GuessTheFlag2.app; sourceTree = BUILT_PRODUCTS_DIR; };
		D367F0962E2C23B400F155A1 /* GuessTheFlag2Tests.xctest */ = {isa = PBXFileReference; explicitFileType = wrapper.cfbundle; includeInIndex = 0; path = GuessTheFlag2Tests.xctest; sourceTree = BUILT_PRODUCTS_DIR; };
		D367F0A02E2C23B400F155A1 /* GuessTheFlag2UITests.xctest */ = {isa = PBXFileReference; explicitFileType = wrapper.cfbundle; includeInIndex = 0; path = GuessTheFlag2UITests.xctest; sourceTree = BUILT_PRODUCTS_DIR; };
/* End PBXFileReference section */

/* Begin PBXFileSystemSynchronizedBuildFileExceptionSet section */
		D367F0A82E2C23B400F155A1 /* Exceptions for "GuessTheFlag2" folder in "GuessTheFlag2" target */ = {
			isa = PBXFileSystemSynchronizedBuildFileExceptionSet;
			membershipExceptions = (
				Info.plist,
			);
			target = D367F07F2E2C23B200F155A1 /* GuessTheFlag2 */;
		};
/* End PBXFileSystemSynchronizedBuildFileExceptionSet section */

/* Begin PBXFileSystemSynchronizedRootGroup section */
		D367F0822E2C23B200F155A1 /* GuessTheFlag2 */ = {
			isa = PBXFileSystemSynchronizedRootGroup;
			exceptions = (
				D367F0A82E2C23B400F155A1 /* Exceptions for "GuessTheFlag2" folder in "GuessTheFlag2" target */,
			);
			path = GuessTheFlag2;
			sourceTree = "<group>";
		};
		D367F0992E2C23B400F155A1 /* GuessTheFlag2Tests */ = {
			isa = PBXFileSystemSynchronizedRootGroup;
			path = GuessTheFlag2Tests;
			sourceTree = "<group>";
		};
		D367F0A32E2C23B400F155A1 /* GuessTheFlag2UITests */ = {
			isa = PBXFileSystemSynchronizedRootGroup;
			path = GuessTheFlag2UITests;
			sourceTree = "<group>";
		};
/* End PBXFileSystemSynchronizedRootGroup section */

/* Begin PBXFrameworksBuildPhase section */
		D367F07D2E2C23B200F155A1 /* Frameworks */ = {
			isa = PBXFrameworksBuildPhase;
			buildActionMask = 2147483647;
			files = (
			);
			runOnlyForDeploymentPostprocessing = 0;
		};
		D367F0932E2C23B400F155A1 /* Frameworks */ = {
			isa = PBXFrameworksBuildPhase;
			buildActionMask = 2147483647;
			files = (
			);
			runOnlyForDeploymentPostprocessing = 0;
		};
		D367F09D2E2C23B400F155A1 /* Frameworks */ = {
			isa = PBXFrameworksBuildPhase;
			buildActionMask = 2147483647;
			files = (
			);
			runOnlyForDeploymentPostprocessing = 0;
		};
/* End PBXFrameworksBuildPhase section */

/* Begin PBXGroup section */
		D367F0772E2C23B200F155A1 = {
			isa = PBXGroup;
			children = (
				D367F0822E2C23B200F155A1 /* GuessTheFlag2 */,
				D367F0992E2C23B400F155A1 /* GuessTheFlag2Tests */,
				D367F0A32E2C23B400F155A1 /* GuessTheFlag2UITests */,
				D367F0812E2C23B200F155A1 /* Products */,
			);
			sourceTree = "<group>";
		};
		D367F0812E2C23B200F155A1 /* Products */ = {
			isa = PBXGroup;
			children = (
				D367F0802E2C23B200F155A1 /* GuessTheFlag2.app */,
				D367F0962E2C23B400F155A1 /* GuessTheFlag2Tests.xctest */,
				D367F0A02E2C23B400F155A1 /* GuessTheFlag2UITests.xctest */,
			);
			name = Products;
			sourceTree = "<group>";
		};
/* End PBXGroup section */

/* Begin PBXNativeTarget section */
		D367F07F2E2C23B200F155A1 /* GuessTheFlag2 */ = {
			isa = PBXNativeTarget;
			buildConfigurationList = D367F0A92E2C23B400F155A1 /* Build configuration list for PBXNativeTarget "GuessTheFlag2" */;
			buildPhases = (
				D367F07C2E2C23B200F155A1 /* Sources */,
				D367F07D2E2C23B200F155A1 /* Frameworks */,
				D367F07E2E2C23B200F155A1 /* Resources */,
			);
			buildRules = (
			);
			dependencies = (
			);
			fileSystemSynchronizedGroups = (
				D367F0822E2C23B200F155A1 /* GuessTheFlag2 */,
			);
			name = GuessTheFlag2;
			packageProductDependencies = (
			);
			productName = GuessTheFlag2;
			productReference = D367F0802E2C23B200F155A1 /* GuessTheFlag2.app */;
			productType = "com.apple.product-type.application";
		};
		D367F0952E2C23B400F155A1 /* GuessTheFlag2Tests */ = {
			isa = PBXNativeTarget;
			buildConfigurationList = D367F0AE2E2C23B400F155A1 /* Build configuration list for PBXNativeTarget "GuessTheFlag2Tests" */;
			buildPhases = (
				D367F0922E2C23B400F155A1 /* Sources */,
				D367F0932E2C23B400F155A1 /* Frameworks */,
				D367F0942E2C23B400F155A1 /* Resources */,
			);
			buildRules = (
			);
			dependencies = (
				D367F0982E2C23B400F155A1 /* PBXTargetDependency */,
			);
			fileSystemSynchronizedGroups = (
				D367F0992E2C23B400F155A1 /* GuessTheFlag2Tests */,
			);
			name = GuessTheFlag2Tests;
			packageProductDependencies = (
			);
			productName = GuessTheFlag2Tests;
			productReference = D367F0962E2C23B400F155A1 /* GuessTheFlag2Tests.xctest */;
			productType = "com.apple.product-type.bundle.unit-test";
		};
		D367F09F2E2C23B400F155A1 /* GuessTheFlag2UITests */ = {
			isa = PBXNativeTarget;
			buildConfigurationList = D367F0B12E2C23B400F155A1 /* Build configuration list for PBXNativeTarget "GuessTheFlag2UITests" */;
			buildPhases = (
				D367F09C2E2C23B400F155A1 /* Sources */,
				D367F09D2E2C23B400F155A1 /* Frameworks */,
				D367F09E2E2C23B400F155A1 /* Resources */,
			);
			buildRules = (
			);
			dependencies = (
				D367F0A22E2C23B400F155A1 /* PBXTargetDependency */,
			);
			fileSystemSynchronizedGroups = (
				D367F0A32E2C23B400F155A1 /* GuessTheFlag2UITests */,
			);
			name = GuessTheFlag2UITests;
			packageProductDependencies = (
			);
			productName = GuessTheFlag2UITests;
			productReference = D367F0A02E2C23B400F155A1 /* GuessTheFlag2UITests.xctest */;
			productType = "com.apple.product-type.bundle.ui-testing";
		};
/* End PBXNativeTarget section */

/* Begin PBXProject section */
		D367F0782E2C23B200F155A1 /* Project object */ = {
			isa = PBXProject;
			attributes = {
				BuildIndependentTargetsInParallel = 1;
				LastSwiftUpdateCheck = 1620;
				LastUpgradeCheck = 1620;
				TargetAttributes = {
					D367F07F2E2C23B200F155A1 = {
						CreatedOnToolsVersion = 16.2;
					};
					D367F0952E2C23B400F155A1 = {
						CreatedOnToolsVersion = 16.2;
						TestTargetID = D367F07F2E2C23B200F155A1;
					};
					D367F09F2E2C23B400F155A1 = {
						CreatedOnToolsVersion = 16.2;
						TestTargetID = D367F07F2E2C23B200F155A1;
					};
				};
			};
			buildConfigurationList = D367F07B2E2C23B200F155A1 /* Build configuration list for PBXProject "GuessTheFlag2" */;
			developmentRegion = en;
			hasScannedForEncodings = 0;
			knownRegions = (
				en,
				Base,
			);
			mainGroup = D367F0772E2C23B200F155A1;
			minimizedProjectReferenceProxies = 1;
			preferredProjectObjectVersion = 77;
			productRefGroup = D367F0812E2C23B200F155A1 /* Products */;
			projectDirPath = "";
			projectRoot = "";
			targets = (
				D367F07F2E2C23B200F155A1 /* GuessTheFlag2 */,
				D367F0952E2C23B400F155A1 /* GuessTheFlag2Tests */,
				D367F09F2E2C23B400F155A1 /* GuessTheFlag2UITests */,
			);
		};
/* End PBXProject section */

/* Begin PBXResourcesBuildPhase section */
		D367F07E2E2C23B200F155A1 /* Resources */ = {
			isa = PBXResourcesBuildPhase;
			buildActionMask = 2147483647;
			files = (
			);
			runOnlyForDeploymentPostprocessing = 0;
		};
		D367F0942E2C23B400F155A1 /* Resources */ = {
			isa = PBXResourcesBuildPhase;
			buildActionMask = 2147483647;
			files = (
			);
			runOnlyForDeploymentPostprocessing = 0;
		};
		D367F09E2E2C23B400F155A1 /* Resources */ = {
			isa = PBXResourcesBuildPhase;
			buildActionMask = 2147483647;
			files = (
			);
			runOnlyForDeploymentPostprocessing = 0;
		};
/* End PBXResourcesBuildPhase section */

/* Begin PBXSourcesBuildPhase section */
		D367F07C2E2C23B200F155A1 /* Sources */ = {
			isa = PBXSourcesBuildPhase;
			buildActionMask = 2147483647;
			files = (
			);
			runOnlyForDeploymentPostprocessing = 0;
		};
		D367F0922E2C23B400F155A1 /* Sources */ = {
			isa = PBXSourcesBuildPhase;
			buildActionMask = 2147483647;
			files = (
			);
			runOnlyForDeploymentPostprocessing = 0;
		};
		D367F09C2E2C23B400F155A1 /* Sources */ = {
			isa = PBXSourcesBuildPhase;
			buildActionMask = 2147483647;
			files = (
			);
			runOnlyForDeploymentPostprocessing = 0;
		};
/* End PBXSourcesBuildPhase section */

/* Begin PBXTargetDependency section */
		D367F0982E2C23B400F155A1 /* PBXTargetDependency */ = {
			isa = PBXTargetDependency;
			target = D367F07F2E2C23B200F155A1 /* GuessTheFlag2 */;
			targetProxy = D367F0972E2C23B400F155A1 /* PBXContainerItemProxy */;
		};
		D367F0A22E2C23B400F155A1 /* PBXTargetDependency */ = {
			isa = PBXTargetDependency;
			target = D367F07F2E2C23B200F155A1 /* GuessTheFlag2 */;
			targetProxy = D367F0A12E2C23B400F155A1 /* PBXContainerItemProxy */;
		};
/* End PBXTargetDependency section */

/* Begin XCBuildConfiguration section */
		D367F0AA2E2C23B400F155A1 /* Debug */ = {
			isa = XCBuildConfiguration;
			buildSettings = {
				ASSETCATALOG_COMPILER_APPICON_NAME = AppIcon;
				ASSETCATALOG_COMPILER_GLOBAL_ACCENT_COLOR_NAME = AccentColor;
				CODE_SIGN_STYLE = Automatic;
				CURRENT_PROJECT_VERSION = 1;
				GENERATE_INFOPLIST_FILE = YES;
				INFOPLIST_FILE = GuessTheFlag2/Info.plist;
				INFOPLIST_KEY_UIApplicationSupportsIndirectInputEvents = YES;
				INFOPLIST_KEY_UILaunchStoryboardName = LaunchScreen;
				INFOPLIST_KEY_UIMainStoryboardFile = Main;
				INFOPLIST_KEY_UISupportedInterfaceOrientations = "UIInterfaceOrientationLandscapeLeft UIInterfaceOrientationLandscapeRight UIInterfaceOrientationPortrait";
				INFOPLIST_KEY_UISupportedInterfaceOrientations_iPad = "UIInterfaceOrientationLandscapeLeft UIInterfaceOrientationLandscapeRight UIInterfaceOrientationPortrait UIInterfaceOrientationPortraitUpsideDown";
				LD_RUNPATH_SEARCH_PATHS = (
					"$(inherited)",
					"@executable_path/Frameworks",
				);
				MARKETING_VERSION = 1.0;
				PRODUCT_BUNDLE_IDENTIFIER = com.comviva.com.GuessTheFlag2;
				PRODUCT_NAME = "$(TARGET_NAME)";
				SWIFT_EMIT_LOC_STRINGS = YES;
				SWIFT_VERSION = 5.0;
				TARGETED_DEVICE_FAMILY = "1,2";
			};
			name = Debug;
		};
		D367F0AB2E2C23B400F155A1 /* Release */ = {
			isa = XCBuildConfiguration;
			buildSettings = {
				ASSETCATALOG_COMPILER_APPICON_NAME = AppIcon;
				ASSETCATALOG_COMPILER_GLOBAL_ACCENT_COLOR_NAME = AccentColor;
				CODE_SIGN_STYLE = Automatic;
				CURRENT_PROJECT_VERSION = 1;
				GENERATE_INFOPLIST_FILE = YES;
				INFOPLIST_FILE = GuessTheFlag2/Info.plist;
				INFOPLIST_KEY_UIApplicationSupportsIndirectInputEvents = YES;
				INFOPLIST_KEY_UILaunchStoryboardName = LaunchScreen;
				INFOPLIST_KEY_UIMainStoryboardFile = Main;
				INFOPLIST_KEY_UISupportedInterfaceOrientations = "UIInterfaceOrientationLandscapeLeft UIInterfaceOrientationLandscapeRight UIInterfaceOrientationPortrait";
				INFOPLIST_KEY_UISupportedInterfaceOrientations_iPad = "UIInterfaceOrientationLandscapeLeft UIInterfaceOrientationLandscapeRight UIInterfaceOrientationPortrait UIInterfaceOrientationPortraitUpsideDown";
				LD_RUNPATH_SEARCH_PATHS = (
					"$(inherited)",
					"@executable_path/Frameworks",
				);
				MARKETING_VERSION = 1.0;
				PRODUCT_BUNDLE_IDENTIFIER = com.comviva.com.GuessTheFlag2;
				PRODUCT_NAME = "$(TARGET_NAME)";
				SWIFT_EMIT_LOC_STRINGS = YES;
				SWIFT_VERSION = 5.0;
				TARGETED_DEVICE_FAMILY = "1,2";
			};
			name = Release;
		};
		D367F0AC2E2C23B400F155A1 /* Debug */ = {
			isa = XCBuildConfiguration;
			buildSettings = {
				ALWAYS_SEARCH_USER_PATHS = NO;
				ASSETCATALOG_COMPILER_GENERATE_SWIFT_ASSET_SYMBOL_EXTENSIONS = YES;
				CLANG_ANALYZER_NONNULL = YES;
				CLANG_ANALYZER_NUMBER_OBJECT_CONVERSION = YES_AGGRESSIVE;
				CLANG_CXX_LANGUAGE_STANDARD = "gnu++20";
				CLANG_ENABLE_MODULES = YES;
				CLANG_ENABLE_OBJC_ARC = YES;
				CLANG_ENABLE_OBJC_WEAK = YES;
				CLANG_WARN_BLOCK_CAPTURE_AUTORELEASING = YES;
				CLANG_WARN_BOOL_CONVERSION = YES;
				CLANG_WARN_COMMA = YES;
				CLANG_WARN_CONSTANT_CONVERSION = YES;
				CLANG_WARN_DEPRECATED_OBJC_IMPLEMENTATIONS = YES;
				CLANG_WARN_DIRECT_OBJC_ISA_USAGE = YES_ERROR;
				CLANG_WARN_DOCUMENTATION_COMMENTS = YES;
				CLANG_WARN_EMPTY_BODY = YES;
				CLANG_WARN_ENUM_CONVERSION = YES;
				CLANG_WARN_INFINITE_RECURSION = YES;
				CLANG_WARN_INT_CONVERSION = YES;
				CLANG_WARN_NON_LITERAL_NULL_CONVERSION = YES;
				CLANG_WARN_OBJC_IMPLICIT_RETAIN_SELF = YES;
				CLANG_WARN_OBJC_LITERAL_CONVERSION = YES;
				CLANG_WARN_OBJC_ROOT_CLASS = YES_ERROR;
				CLANG_WARN_QUOTED_INCLUDE_IN_FRAMEWORK_HEADER = YES;
				CLANG_WARN_RANGE_LOOP_ANALYSIS = YES;
				CLANG_WARN_STRICT_PROTOTYPES = YES;
				CLANG_WARN_SUSPICIOUS_MOVE = YES;
				CLANG_WARN_UNGUARDED_AVAILABILITY = YES_AGGRESSIVE;
				CLANG_WARN_UNREACHABLE_CODE = YES;
				CLANG_WARN__DUPLICATE_METHOD_MATCH = YES;
				COPY_PHASE_STRIP = NO;
				DEBUG_INFORMATION_FORMAT = dwarf;
				ENABLE_STRICT_OBJC_MSGSEND = YES;
				ENABLE_TESTABILITY = YES;
				ENABLE_USER_SCRIPT_SANDBOXING = YES;
				GCC_C_LANGUAGE_STANDARD = gnu17;
				GCC_DYNAMIC_NO_PIC = NO;
				GCC_NO_COMMON_BLOCKS = YES;
				GCC_OPTIMIZATION_LEVEL = 0;
				GCC_PREPROCESSOR_DEFINITIONS = (
					"DEBUG=1",
					"$(inherited)",
				);
				GCC_WARN_64_TO_32_BIT_CONVERSION = YES;
				GCC_WARN_ABOUT_RETURN_TYPE = YES_ERROR;
				GCC_WARN_UNDECLARED_SELECTOR = YES;
				GCC_WARN_UNINITIALIZED_AUTOS = YES_AGGRESSIVE;
				GCC_WARN_UNUSED_FUNCTION = YES;
				GCC_WARN_UNUSED_VARIABLE = YES;
				IPHONEOS_DEPLOYMENT_TARGET = 18.2;
				LOCALIZATION_PREFERS_STRING_CATALOGS = YES;
				MTL_ENABLE_DEBUG_INFO = INCLUDE_SOURCE;
				MTL_FAST_MATH = YES;
				ONLY_ACTIVE_ARCH = YES;
				SDKROOT = iphoneos;
				SWIFT_ACTIVE_COMPILATION_CONDITIONS = "DEBUG $(inherited)";
				SWIFT_OPTIMIZATION_LEVEL = "-Onone";
			};
			name = Debug;
		};
		D367F0AD2E2C23B400F155A1 /* Release */ = {
			isa = XCBuildConfiguration;
			buildSettings = {
				ALWAYS_SEARCH_USER_PATHS = NO;
				ASSETCATALOG_COMPILER_GENERATE_SWIFT_ASSET_SYMBOL_EXTENSIONS = YES;
				CLANG_ANALYZER_NONNULL = YES;
				CLANG_ANALYZER_NUMBER_OBJECT_CONVERSION = YES_AGGRESSIVE;
				CLANG_CXX_LANGUAGE_STANDARD = "gnu++20";
				CLANG_ENABLE_MODULES = YES;
				CLANG_ENABLE_OBJC_ARC = YES;
				CLANG_ENABLE_OBJC_WEAK = YES;
				CLANG_WARN_BLOCK_CAPTURE_AUTORELEASING = YES;
				CLANG_WARN_BOOL_CONVERSION = YES;
				CLANG_WARN_COMMA = YES;
				CLANG_WARN_CONSTANT_CONVERSION = YES;
				CLANG_WARN_DEPRECATED_OBJC_IMPLEMENTATIONS = YES;
				CLANG_WARN_DIRECT_OBJC_ISA_USAGE = YES_ERROR;
				CLANG_WARN_DOCUMENTATION_COMMENTS = YES;
				CLANG_WARN_EMPTY_BODY = YES;
				CLANG_WARN_ENUM_CONVERSION = YES;
				CLANG_WARN_INFINITE_RECURSION = YES;
				CLANG_WARN_INT_CONVERSION = YES;
				CLANG_WARN_NON_LITERAL_NULL_CONVERSION = YES;
				CLANG_WARN_OBJC_IMPLICIT_RETAIN_SELF = YES;
				CLANG_WARN_OBJC_LITERAL_CONVERSION = YES;
				CLANG_WARN_OBJC_ROOT_CLASS = YES_ERROR;
				CLANG_WARN_QUOTED_INCLUDE_IN_FRAMEWORK_HEADER = YES;
				CLANG_WARN_RANGE_LOOP_ANALYSIS = YES;
				CLANG_WARN_STRICT_PROTOTYPES = YES;
				CLANG_WARN_SUSPICIOUS_MOVE = YES;
				CLANG_WARN_UNGUARDED_AVAILABILITY = YES_AGGRESSIVE;
				CLANG_WARN_UNREACHABLE_CODE = YES;
				CLANG_WARN__DUPLICATE_METHOD_MATCH = YES;
				COPY_PHASE_STRIP = NO;
				DEBUG_INFORMATION_FORMAT = "dwarf-with-dsym";
				ENABLE_NS_ASSERTIONS = NO;
				ENABLE_STRICT_OBJC_MSGSEND = YES;
				ENABLE_USER_SCRIPT_SANDBOXING = YES;
				GCC_C_LANGUAGE_STANDARD = gnu17;
				GCC_NO_COMMON_BLOCKS = YES;
				GCC_WARN_64_TO_32_BIT_CONVERSION = YES;
				GCC_WARN_ABOUT_RETURN_TYPE = YES_ERROR;
				GCC_WARN_UNDECLARED_SELECTOR = YES;
				GCC_WARN_UNINITIALIZED_AUTOS = YES_AGGRESSIVE;
				GCC_WARN_UNUSED_FUNCTION = YES;
				GCC_WARN_UNUSED_VARIABLE = YES;
				IPHONEOS_DEPLOYMENT_TARGET = 18.2;
				LOCALIZATION_PREFERS_STRING_CATALOGS = YES;
				MTL_ENABLE_DEBUG_INFO = NO;
				MTL_FAST_MATH = YES;
				SDKROOT = iphoneos;
				SWIFT_COMPILATION_MODE = wholemodule;
				VALIDATE_PRODUCT = YES;
			};
			name = Release;
		};
		D367F0AF2E2C23B400F155A1 /* Debug */ = {
			isa = XCBuildConfiguration;
			buildSettings = {
				BUNDLE_LOADER = "$(TEST_HOST)";
				CODE_SIGN_STYLE = Automatic;
				CURRENT_PROJECT_VERSION = 1;
				GENERATE_INFOPLIST_FILE = YES;
				IPHONEOS_DEPLOYMENT_TARGET = 18.2;
				MARKETING_VERSION = 1.0;
				PRODUCT_BUNDLE_IDENTIFIER = com.comviva.com.GuessTheFlag2Tests;
				PRODUCT_NAME = "$(TARGET_NAME)";
				SWIFT_EMIT_LOC_STRINGS = NO;
				SWIFT_VERSION = 5.0;
				TARGETED_DEVICE_FAMILY = "1,2";
				TEST_HOST = "$(BUILT_PRODUCTS_DIR)/GuessTheFlag2.app/$(BUNDLE_EXECUTABLE_FOLDER_PATH)/GuessTheFlag2";
			};
			name = Debug;
		};
		D367F0B02E2C23B400F155A1 /* Release */ = {
			isa = XCBuildConfiguration;
			buildSettings = {
				BUNDLE_LOADER = "$(TEST_HOST)";
				CODE_SIGN_STYLE = Automatic;
				CURRENT_PROJECT_VERSION = 1;
				GENERATE_INFOPLIST_FILE = YES;
				IPHONEOS_DEPLOYMENT_TARGET = 18.2;
				MARKETING_VERSION = 1.0;
				PRODUCT_BUNDLE_IDENTIFIER = com.comviva.com.GuessTheFlag2Tests;
				PRODUCT_NAME = "$(TARGET_NAME)";
				SWIFT_EMIT_LOC_STRINGS = NO;
				SWIFT_VERSION = 5.0;
				TARGETED_DEVICE_FAMILY = "1,2";
				TEST_HOST = "$(BUILT_PRODUCTS_DIR)/GuessTheFlag2.app/$(BUNDLE_EXECUTABLE_FOLDER_PATH)/GuessTheFlag2";
			};
			name = Release;
		};
		D367F0B22E2C23B400F155A1 /* Debug */ = {
			isa = XCBuildConfiguration;
			buildSettings = {
				CODE_SIGN_STYLE = Automatic;
				CURRENT_PROJECT_VERSION = 1;
				GENERATE_INFOPLIST_FILE = YES;
				MARKETING_VERSION = 1.0;
				PRODUCT_BUNDLE_IDENTIFIER = com.comviva.com.GuessTheFlag2UITests;
				PRODUCT_NAME = "$(TARGET_NAME)";
				SWIFT_EMIT_LOC_STRINGS = NO;
				SWIFT_VERSION = 5.0;
				TARGETED_DEVICE_FAMILY = "1,2";
				TEST_TARGET_NAME = GuessTheFlag2;
			};
			name = Debug;
		};
		D367F0B32E2C23B400F155A1 /* Release */ = {
			isa = XCBuildConfiguration;
			buildSettings = {
				CODE_SIGN_STYLE = Automatic;
				CURRENT_PROJECT_VERSION = 1;
				GENERATE_INFOPLIST_FILE = YES;
				MARKETING_VERSION = 1.0;
				PRODUCT_BUNDLE_IDENTIFIER = com.comviva.com.GuessTheFlag2UITests;
				PRODUCT_NAME = "$(TARGET_NAME)";
				SWIFT_EMIT_LOC_STRINGS = NO;
				SWIFT_VERSION = 5.0;
				TARGETED_DEVICE_FAMILY = "1,2";
				TEST_TARGET_NAME = GuessTheFlag2;
			};
			name = Release;
		};
/* End XCBuildConfiguration section */

/* Begin XCConfigurationList section */
		D367F07B2E2C23B200F155A1 /* Build configuration list for PBXProject "GuessTheFlag2" */ = {
			isa = XCConfigurationList;
			buildConfigurations = (
				D367F0AC2E2C23B400F155A1 /* Debug */,
				D367F0AD2E2C23B400F155A1 /* Release */,
			);
			defaultConfigurationIsVisible = 0;
			defaultConfigurationName = Release;
		};
		D367F0A92E2C23B400F155A1 /* Build configuration list for PBXNativeTarget "GuessTheFlag2" */ = {
			isa = XCConfigurationList;
			buildConfigurations = (
				D367F0AA2E2C23B400F155A1 /* Debug */,
				D367F0AB2E2C23B400F155A1 /* Release */,
			);
			defaultConfigurationIsVisible = 0;
			defaultConfigurationName = Release;
		};
		D367F0AE2E2C23B400F155A1 /* Build configuration list for PBXNativeTarget "GuessTheFlag2Tests" */ = {
			isa = XCConfigurationList;
			buildConfigurations = (
				D367F0AF2E2C23B400F155A1 /* Debug */,
				D367F0B02E2C23B400F155A1 /* Release */,
			);
			defaultConfigurationIsVisible = 0;
			defaultConfigurationName = Release;
		};
		D367F0B12E2C23B400F155A1 /* Build configuration list for PBXNativeTarget "GuessTheFlag2UITests" */ = {
			isa = XCConfigurationList;
			buildConfigurations = (
				D367F0B22E2C23B400F155A1 /* Debug */,
				D367F0B32E2C23B400F155A1 /* Release */,
			);
			defaultConfigurationIsVisible = 0;
			defaultConfigurationName = Release;
		};
/* End XCConfigurationList section */
	};
	rootObject = D367F0782E2C23B200F155A1 /* Project object */;
}
